// !$*UTF8*$!
{
	archiveVersion = 1;
	classes = {
	};
	objectVersion = 55;
	objects = {

/* Begin PBXBuildFile section */
		1908539B2AE2C739005C20EE /* NotificationManager.swift in Sources */ = {isa = PBXBuildFile; fileRef = 1908539A2AE2C739005C20EE /* NotificationManager.swift */; };
		1908539D2AE6A558005C20EE /* TaskCompletionView.swift in Sources */ = {isa = PBXBuildFile; fileRef = 1908539C2AE6A558005C20EE /* TaskCompletionView.swift */; };
		1908539F2AE6BE87005C20EE /* ConfettiView.swift in Sources */ = {isa = PBXBuildFile; fileRef = 1908539E2AE6BE87005C20EE /* ConfettiView.swift */; };
		190853A12AE86D18005C20EE /* GoalCompletionView.swift in Sources */ = {isa = PBXBuildFile; fileRef = 190853A02AE86D18005C20EE /* GoalCompletionView.swift */; };
		1913E6C72B1A9E73008D9AC9 /* FocusOnDataModel.xcdatamodeld in Sources */ = {isa = PBXBuildFile; fileRef = 1913E6C52B1A9E73008D9AC9 /* FocusOnDataModel.xcdatamodeld */; };
		1939BD3E2B1B92880097340B /* TaskUncheckView.swift in Sources */ = {isa = PBXBuildFile; fileRef = 1939BD3D2B1B92880097340B /* TaskUncheckView.swift */; };
		198A64C12B5B2A7800393A1F /* NoGoalsView.swift in Sources */ = {isa = PBXBuildFile; fileRef = 198A64C02B5B2A7800393A1F /* NoGoalsView.swift */; };
		198A64C32B5B2B2A00393A1F /* LegendView.swift in Sources */ = {isa = PBXBuildFile; fileRef = 198A64C22B5B2B2A00393A1F /* LegendView.swift */; };
		198A64C72B5B2EC900393A1F /* MonthlySummaryView.swift in Sources */ = {isa = PBXBuildFile; fileRef = 198A64C62B5B2EC900393A1F /* MonthlySummaryView.swift */; };
		198A64CC2B5B312F00393A1F /* AddGoalView.swift in Sources */ = {isa = PBXBuildFile; fileRef = 198A64CB2B5B312F00393A1F /* AddGoalView.swift */; };
		198A64CE2B5B319F00393A1F /* UpdateGoalView.swift in Sources */ = {isa = PBXBuildFile; fileRef = 198A64CD2B5B319F00393A1F /* UpdateGoalView.swift */; };
		198A64D02B5BE3AF00393A1F /* GoalUncheckView.swift in Sources */ = {isa = PBXBuildFile; fileRef = 198A64CF2B5BE3AE00393A1F /* GoalUncheckView.swift */; };
		198A64D22B5BE4CA00393A1F /* SadFaceRainView.swift in Sources */ = {isa = PBXBuildFile; fileRef = 198A64D12B5BE4CA00393A1F /* SadFaceRainView.swift */; };
		198A64D42B5C055A00393A1F /* HistoryViewModelTests.swift in Sources */ = {isa = PBXBuildFile; fileRef = 198A64D32B5C055A00393A1F /* HistoryViewModelTests.swift */; };
		19ACCBAA2A5AF82E00C08E93 /* SwiftUICharts in Frameworks */ = {isa = PBXBuildFile; productRef = 19ACCBA92A5AF82E00C08E93 /* SwiftUICharts */; };
		19ACCBAC2A5EABC700C08E93 /* ProgressViewModel.swift in Sources */ = {isa = PBXBuildFile; fileRef = 19ACCBAB2A5EABC700C08E93 /* ProgressViewModel.swift */; };
		19B42F6F2A7EA14800FE7FD5 /* ProgressViewModelTests.swift in Sources */ = {isa = PBXBuildFile; fileRef = 19B42F6E2A7EA14800FE7FD5 /* ProgressViewModelTests.swift */; };
		19B6F1A72B2B66F500A8842A /* GoalSectionView.swift in Sources */ = {isa = PBXBuildFile; fileRef = 19B6F1A62B2B66F500A8842A /* GoalSectionView.swift */; };
		19B6F1A92B2B6BBB00A8842A /* TasksSectionView.swift in Sources */ = {isa = PBXBuildFile; fileRef = 19B6F1A82B2B6BBB00A8842A /* TasksSectionView.swift */; };
		D01FD6912774BA6A001DB74C /* FocusOnApp.swift in Sources */ = {isa = PBXBuildFile; fileRef = D01FD6902774BA6A001DB74C /* FocusOnApp.swift */; };
		D01FD6932774BA6A001DB74C /* MainView.swift in Sources */ = {isa = PBXBuildFile; fileRef = D01FD6922774BA6A001DB74C /* MainView.swift */; };
		D01FD6952774BA6C001DB74C /* Assets.xcassets in Resources */ = {isa = PBXBuildFile; fileRef = D01FD6942774BA6C001DB74C /* Assets.xcassets */; };
		D01FD6982774BA6C001DB74C /* Preview Assets.xcassets in Resources */ = {isa = PBXBuildFile; fileRef = D01FD6972774BA6C001DB74C /* Preview Assets.xcassets */; };
		D01FD6B12774BA6D001DB74C /* FocusOnUITests.swift in Sources */ = {isa = PBXBuildFile; fileRef = D01FD6B02774BA6D001DB74C /* FocusOnUITests.swift */; };
		D01FD6B32774BA6D001DB74C /* FocusOnUITestsLaunchTests.swift in Sources */ = {isa = PBXBuildFile; fileRef = D01FD6B22774BA6D001DB74C /* FocusOnUITestsLaunchTests.swift */; };
		D040192327EDFFEB0005CF35 /* TodayViewModelTests.swift in Sources */ = {isa = PBXBuildFile; fileRef = D040192227EDFFEB0005CF35 /* TodayViewModelTests.swift */; };
		D06A4CF527FDC3D4003F7C72 /* DataService.swift in Sources */ = {isa = PBXBuildFile; fileRef = D06A4CF427FDC3D4003F7C72 /* DataService.swift */; };
		D07B0C0927FD930000245BA0 /* Goal.swift in Sources */ = {isa = PBXBuildFile; fileRef = D07B0C0827FD930000245BA0 /* Goal.swift */; };
		D07B0C0B27FD931400245BA0 /* Task.swift in Sources */ = {isa = PBXBuildFile; fileRef = D07B0C0A27FD931400245BA0 /* Task.swift */; };
		D09D99FC27B0562D004A283C /* TodayView.swift in Sources */ = {isa = PBXBuildFile; fileRef = D09D99FB27B0562C004A283C /* TodayView.swift */; };
		D09D99FE27B05642004A283C /* ProgressView.swift in Sources */ = {isa = PBXBuildFile; fileRef = D09D99FD27B05640004A283C /* ProgressView.swift */; };
		D09D9A0027B0564F004A283C /* HistoryView.swift in Sources */ = {isa = PBXBuildFile; fileRef = D09D99FF27B0564E004A283C /* HistoryView.swift */; };
		D0A6FE8F27EDC66500B06218 /* TodayViewModel.swift in Sources */ = {isa = PBXBuildFile; fileRef = D0A6FE8E27EDC66500B06218 /* TodayViewModel.swift */; };
		D0BD1B972808705F00058C21 /* DataServiceProtocol.swift in Sources */ = {isa = PBXBuildFile; fileRef = D0BD1B962808705F00058C21 /* DataServiceProtocol.swift */; };
		D0BD1B9928087BFE00058C21 /* MockDataService.swift in Sources */ = {isa = PBXBuildFile; fileRef = D0BD1B9828087BFE00058C21 /* MockDataService.swift */; };
		D0DA100728452C1B000FDE98 /* HistoryViewModel.swift in Sources */ = {isa = PBXBuildFile; fileRef = D0DA100628452C1B000FDE98 /* HistoryViewModel.swift */; };
/* End PBXBuildFile section */

/* Begin PBXContainerItemProxy section */
		D01FD6A32774BA6D001DB74C /* PBXContainerItemProxy */ = {
			isa = PBXContainerItemProxy;
			containerPortal = D01FD6852774BA6A001DB74C /* Project object */;
			proxyType = 1;
			remoteGlobalIDString = D01FD68C2774BA6A001DB74C;
			remoteInfo = FocusOn;
		};
		D01FD6AD2774BA6D001DB74C /* PBXContainerItemProxy */ = {
			isa = PBXContainerItemProxy;
			containerPortal = D01FD6852774BA6A001DB74C /* Project object */;
			proxyType = 1;
			remoteGlobalIDString = D01FD68C2774BA6A001DB74C;
			remoteInfo = FocusOn;
		};
/* End PBXContainerItemProxy section */

/* Begin PBXFileReference section */
		1908539A2AE2C739005C20EE /* NotificationManager.swift */ = {isa = PBXFileReference; lastKnownFileType = sourcecode.swift; path = NotificationManager.swift; sourceTree = "<group>"; };
		1908539C2AE6A558005C20EE /* TaskCompletionView.swift */ = {isa = PBXFileReference; lastKnownFileType = sourcecode.swift; path = TaskCompletionView.swift; sourceTree = "<group>"; };
		1908539E2AE6BE87005C20EE /* ConfettiView.swift */ = {isa = PBXFileReference; lastKnownFileType = sourcecode.swift; path = ConfettiView.swift; sourceTree = "<group>"; };
		190853A02AE86D18005C20EE /* GoalCompletionView.swift */ = {isa = PBXFileReference; lastKnownFileType = sourcecode.swift; path = GoalCompletionView.swift; sourceTree = "<group>"; };
		1913E6C62B1A9E73008D9AC9 /* FocusOnDataModel.xcdatamodel */ = {isa = PBXFileReference; lastKnownFileType = wrapper.xcdatamodel; path = FocusOnDataModel.xcdatamodel; sourceTree = "<group>"; };
		1939BD3D2B1B92880097340B /* TaskUncheckView.swift */ = {isa = PBXFileReference; lastKnownFileType = sourcecode.swift; path = TaskUncheckView.swift; sourceTree = "<group>"; };
		198A64C02B5B2A7800393A1F /* NoGoalsView.swift */ = {isa = PBXFileReference; lastKnownFileType = sourcecode.swift; path = NoGoalsView.swift; sourceTree = "<group>"; };
		198A64C22B5B2B2A00393A1F /* LegendView.swift */ = {isa = PBXFileReference; lastKnownFileType = sourcecode.swift; path = LegendView.swift; sourceTree = "<group>"; };
		198A64C62B5B2EC900393A1F /* MonthlySummaryView.swift */ = {isa = PBXFileReference; lastKnownFileType = sourcecode.swift; path = MonthlySummaryView.swift; sourceTree = "<group>"; };
		198A64CB2B5B312F00393A1F /* AddGoalView.swift */ = {isa = PBXFileReference; lastKnownFileType = sourcecode.swift; path = AddGoalView.swift; sourceTree = "<group>"; };
		198A64CD2B5B319F00393A1F /* UpdateGoalView.swift */ = {isa = PBXFileReference; lastKnownFileType = sourcecode.swift; path = UpdateGoalView.swift; sourceTree = "<group>"; };
		198A64CF2B5BE3AE00393A1F /* GoalUncheckView.swift */ = {isa = PBXFileReference; lastKnownFileType = sourcecode.swift; path = GoalUncheckView.swift; sourceTree = "<group>"; };
		198A64D12B5BE4CA00393A1F /* SadFaceRainView.swift */ = {isa = PBXFileReference; lastKnownFileType = sourcecode.swift; path = SadFaceRainView.swift; sourceTree = "<group>"; };
		198A64D32B5C055A00393A1F /* HistoryViewModelTests.swift */ = {isa = PBXFileReference; fileEncoding = 4; lastKnownFileType = sourcecode.swift; path = HistoryViewModelTests.swift; sourceTree = "<group>"; };
		19ACCBAB2A5EABC700C08E93 /* ProgressViewModel.swift */ = {isa = PBXFileReference; lastKnownFileType = sourcecode.swift; path = ProgressViewModel.swift; sourceTree = "<group>"; };
		19B42F6E2A7EA14800FE7FD5 /* ProgressViewModelTests.swift */ = {isa = PBXFileReference; lastKnownFileType = sourcecode.swift; path = ProgressViewModelTests.swift; sourceTree = "<group>"; };
		19B6F1A52B29B08100A8842A /* Info.plist */ = {isa = PBXFileReference; lastKnownFileType = text.plist; path = Info.plist; sourceTree = "<group>"; };
		19B6F1A62B2B66F500A8842A /* GoalSectionView.swift */ = {isa = PBXFileReference; lastKnownFileType = sourcecode.swift; path = GoalSectionView.swift; sourceTree = "<group>"; };
		19B6F1A82B2B6BBB00A8842A /* TasksSectionView.swift */ = {isa = PBXFileReference; lastKnownFileType = sourcecode.swift; path = TasksSectionView.swift; sourceTree = "<group>"; };
		D01FD68D2774BA6A001DB74C /* FocusOn.app */ = {isa = PBXFileReference; explicitFileType = wrapper.application; includeInIndex = 0; path = FocusOn.app; sourceTree = BUILT_PRODUCTS_DIR; };
		D01FD6902774BA6A001DB74C /* FocusOnApp.swift */ = {isa = PBXFileReference; lastKnownFileType = sourcecode.swift; path = FocusOnApp.swift; sourceTree = "<group>"; };
		D01FD6922774BA6A001DB74C /* MainView.swift */ = {isa = PBXFileReference; lastKnownFileType = sourcecode.swift; path = MainView.swift; sourceTree = "<group>"; };
		D01FD6942774BA6C001DB74C /* Assets.xcassets */ = {isa = PBXFileReference; lastKnownFileType = folder.assetcatalog; path = Assets.xcassets; sourceTree = "<group>"; };
		D01FD6972774BA6C001DB74C /* Preview Assets.xcassets */ = {isa = PBXFileReference; lastKnownFileType = folder.assetcatalog; path = "Preview Assets.xcassets"; sourceTree = "<group>"; };
		D01FD6A22774BA6D001DB74C /* FocusOnTests.xctest */ = {isa = PBXFileReference; explicitFileType = wrapper.cfbundle; includeInIndex = 0; path = FocusOnTests.xctest; sourceTree = BUILT_PRODUCTS_DIR; };
		D01FD6AC2774BA6D001DB74C /* FocusOnUITests.xctest */ = {isa = PBXFileReference; explicitFileType = wrapper.cfbundle; includeInIndex = 0; path = FocusOnUITests.xctest; sourceTree = BUILT_PRODUCTS_DIR; };
		D01FD6B02774BA6D001DB74C /* FocusOnUITests.swift */ = {isa = PBXFileReference; lastKnownFileType = sourcecode.swift; path = FocusOnUITests.swift; sourceTree = "<group>"; };
		D01FD6B22774BA6D001DB74C /* FocusOnUITestsLaunchTests.swift */ = {isa = PBXFileReference; lastKnownFileType = sourcecode.swift; path = FocusOnUITestsLaunchTests.swift; sourceTree = "<group>"; };
		D01FD6BF2774E9E0001DB74C /* .gitignore */ = {isa = PBXFileReference; lastKnownFileType = text; path = .gitignore; sourceTree = "<group>"; };
		D01FD6C02774EA0D001DB74C /* LICENSE */ = {isa = PBXFileReference; lastKnownFileType = text; path = LICENSE; sourceTree = "<group>"; };
		D01FD6C12774EA1B001DB74C /* README.md */ = {isa = PBXFileReference; lastKnownFileType = net.daringfireball.markdown; path = README.md; sourceTree = "<group>"; };
		D01FD6C42774EA84001DB74C /* swift.yml */ = {isa = PBXFileReference; lastKnownFileType = text.yaml; path = swift.yml; sourceTree = "<group>"; };
		D040192227EDFFEB0005CF35 /* TodayViewModelTests.swift */ = {isa = PBXFileReference; lastKnownFileType = sourcecode.swift; path = TodayViewModelTests.swift; sourceTree = "<group>"; };
		D06A4CF427FDC3D4003F7C72 /* DataService.swift */ = {isa = PBXFileReference; lastKnownFileType = sourcecode.swift; path = DataService.swift; sourceTree = "<group>"; };
		D07B0C0827FD930000245BA0 /* Goal.swift */ = {isa = PBXFileReference; lastKnownFileType = sourcecode.swift; path = Goal.swift; sourceTree = "<group>"; };
		D07B0C0A27FD931400245BA0 /* Task.swift */ = {isa = PBXFileReference; lastKnownFileType = sourcecode.swift; path = Task.swift; sourceTree = "<group>"; };
		D09D99FB27B0562C004A283C /* TodayView.swift */ = {isa = PBXFileReference; fileEncoding = 4; lastKnownFileType = sourcecode.swift; path = TodayView.swift; sourceTree = "<group>"; };
		D09D99FD27B05640004A283C /* ProgressView.swift */ = {isa = PBXFileReference; fileEncoding = 4; lastKnownFileType = sourcecode.swift; path = ProgressView.swift; sourceTree = "<group>"; };
		D09D99FF27B0564E004A283C /* HistoryView.swift */ = {isa = PBXFileReference; fileEncoding = 4; lastKnownFileType = sourcecode.swift; path = HistoryView.swift; sourceTree = "<group>"; wrapsLines = 1; };
		D0A6FE8E27EDC66500B06218 /* TodayViewModel.swift */ = {isa = PBXFileReference; lastKnownFileType = sourcecode.swift; path = TodayViewModel.swift; sourceTree = "<group>"; };
		D0BD1B962808705F00058C21 /* DataServiceProtocol.swift */ = {isa = PBXFileReference; lastKnownFileType = sourcecode.swift; path = DataServiceProtocol.swift; sourceTree = "<group>"; };
		D0BD1B9828087BFE00058C21 /* MockDataService.swift */ = {isa = PBXFileReference; lastKnownFileType = sourcecode.swift; path = MockDataService.swift; sourceTree = "<group>"; };
		D0DA100628452C1B000FDE98 /* HistoryViewModel.swift */ = {isa = PBXFileReference; lastKnownFileType = sourcecode.swift; path = HistoryViewModel.swift; sourceTree = "<group>"; };
/* End PBXFileReference section */

/* Begin PBXFrameworksBuildPhase section */
		D01FD68A2774BA6A001DB74C /* Frameworks */ = {
			isa = PBXFrameworksBuildPhase;
			buildActionMask = 2147483647;
			files = (
				19ACCBAA2A5AF82E00C08E93 /* SwiftUICharts in Frameworks */,
			);
			runOnlyForDeploymentPostprocessing = 0;
		};
		D01FD69F2774BA6D001DB74C /* Frameworks */ = {
			isa = PBXFrameworksBuildPhase;
			buildActionMask = 2147483647;
			files = (
			);
			runOnlyForDeploymentPostprocessing = 0;
		};
		D01FD6A92774BA6D001DB74C /* Frameworks */ = {
			isa = PBXFrameworksBuildPhase;
			buildActionMask = 2147483647;
			files = (
			);
			runOnlyForDeploymentPostprocessing = 0;
		};
/* End PBXFrameworksBuildPhase section */

/* Begin PBXGroup section */
		198A64C82B5B2FAF00393A1F /* HistoryView */ = {
			isa = PBXGroup;
			children = (
				D09D99FF27B0564E004A283C /* HistoryView.swift */,
				198A64C62B5B2EC900393A1F /* MonthlySummaryView.swift */,
			);
			path = HistoryView;
			sourceTree = "<group>";
		};
		198A64C92B5B2FCE00393A1F /* TodayView */ = {
			isa = PBXGroup;
			children = (
				D09D99FB27B0562C004A283C /* TodayView.swift */,
				19B6F1A62B2B66F500A8842A /* GoalSectionView.swift */,
				198A64CB2B5B312F00393A1F /* AddGoalView.swift */,
				198A64CD2B5B319F00393A1F /* UpdateGoalView.swift */,
				190853A02AE86D18005C20EE /* GoalCompletionView.swift */,
				1908539E2AE6BE87005C20EE /* ConfettiView.swift */,
				198A64CF2B5BE3AE00393A1F /* GoalUncheckView.swift */,
				198A64D12B5BE4CA00393A1F /* SadFaceRainView.swift */,
				19B6F1A82B2B6BBB00A8842A /* TasksSectionView.swift */,
				1908539C2AE6A558005C20EE /* TaskCompletionView.swift */,
				1939BD3D2B1B92880097340B /* TaskUncheckView.swift */,
			);
			path = TodayView;
			sourceTree = "<group>";
		};
		198A64CA2B5B300200393A1F /* ProgressView */ = {
			isa = PBXGroup;
			children = (
				D09D99FD27B05640004A283C /* ProgressView.swift */,
				198A64C22B5B2B2A00393A1F /* LegendView.swift */,
			);
			path = ProgressView;
			sourceTree = "<group>";
		};
		D01FD6842774BA6A001DB74C = {
			isa = PBXGroup;
			children = (
				D01FD6C02774EA0D001DB74C /* LICENSE */,
				D01FD6C12774EA1B001DB74C /* README.md */,
				D01FD6BF2774E9E0001DB74C /* .gitignore */,
				D01FD68F2774BA6A001DB74C /* FocusOn */,
				D01FD6A52774BA6D001DB74C /* FocusOnTests */,
				D01FD6AF2774BA6D001DB74C /* FocusOnUITests */,
				D01FD6C22774EA84001DB74C /* .github */,
				D01FD68E2774BA6A001DB74C /* Products */,
			);
			sourceTree = "<group>";
		};
		D01FD68E2774BA6A001DB74C /* Products */ = {
			isa = PBXGroup;
			children = (
				D01FD68D2774BA6A001DB74C /* FocusOn.app */,
				D01FD6A22774BA6D001DB74C /* FocusOnTests.xctest */,
				D01FD6AC2774BA6D001DB74C /* FocusOnUITests.xctest */,
			);
			name = Products;
			sourceTree = "<group>";
		};
		D01FD68F2774BA6A001DB74C /* FocusOn */ = {
			isa = PBXGroup;
			children = (
				19B6F1A52B29B08100A8842A /* Info.plist */,
				D0A6FE8C27EDC4DD00B06218 /* View */,
				D0A6FE8D27EDC4E900B06218 /* ViewModel */,
				D07B0C0727FD92E400245BA0 /* Model */,
				D050584E27EE5B6700244F3D /* Services */,
				D01FD6902774BA6A001DB74C /* FocusOnApp.swift */,
				1913E6C52B1A9E73008D9AC9 /* FocusOnDataModel.xcdatamodeld */,
				D01FD6942774BA6C001DB74C /* Assets.xcassets */,
				D01FD6962774BA6C001DB74C /* Preview Content */,
			);
			path = FocusOn;
			sourceTree = "<group>";
		};
		D01FD6962774BA6C001DB74C /* Preview Content */ = {
			isa = PBXGroup;
			children = (
				D01FD6972774BA6C001DB74C /* Preview Assets.xcassets */,
			);
			path = "Preview Content";
			sourceTree = "<group>";
		};
		D01FD6A52774BA6D001DB74C /* FocusOnTests */ = {
			isa = PBXGroup;
			children = (
				198A64D32B5C055A00393A1F /* HistoryViewModelTests.swift */,
				D040192227EDFFEB0005CF35 /* TodayViewModelTests.swift */,
				19B42F6E2A7EA14800FE7FD5 /* ProgressViewModelTests.swift */,
			);
			path = FocusOnTests;
			sourceTree = "<group>";
		};
		D01FD6AF2774BA6D001DB74C /* FocusOnUITests */ = {
			isa = PBXGroup;
			children = (
				D01FD6B02774BA6D001DB74C /* FocusOnUITests.swift */,
				D01FD6B22774BA6D001DB74C /* FocusOnUITestsLaunchTests.swift */,
			);
			path = FocusOnUITests;
			sourceTree = "<group>";
		};
		D01FD6C22774EA84001DB74C /* .github */ = {
			isa = PBXGroup;
			children = (
				D01FD6C32774EA84001DB74C /* workflows */,
			);
			path = .github;
			sourceTree = "<group>";
		};
		D01FD6C32774EA84001DB74C /* workflows */ = {
			isa = PBXGroup;
			children = (
				D01FD6C42774EA84001DB74C /* swift.yml */,
			);
			path = workflows;
			sourceTree = "<group>";
		};
		D050584E27EE5B6700244F3D /* Services */ = {
			isa = PBXGroup;
			children = (
				D0BD1B962808705F00058C21 /* DataServiceProtocol.swift */,
				D06A4CF427FDC3D4003F7C72 /* DataService.swift */,
				D0BD1B9828087BFE00058C21 /* MockDataService.swift */,
				1908539A2AE2C739005C20EE /* NotificationManager.swift */,
			);
			path = Services;
			sourceTree = "<group>";
		};
		D07B0C0727FD92E400245BA0 /* Model */ = {
			isa = PBXGroup;
			children = (
				D07B0C0827FD930000245BA0 /* Goal.swift */,
				D07B0C0A27FD931400245BA0 /* Task.swift */,
			);
			path = Model;
			sourceTree = "<group>";
		};
		D0A6FE8C27EDC4DD00B06218 /* View */ = {
			isa = PBXGroup;
			children = (
				D01FD6922774BA6A001DB74C /* MainView.swift */,
				198A64C02B5B2A7800393A1F /* NoGoalsView.swift */,
				198A64C82B5B2FAF00393A1F /* HistoryView */,
				198A64C92B5B2FCE00393A1F /* TodayView */,
				198A64CA2B5B300200393A1F /* ProgressView */,
			);
			path = View;
			sourceTree = "<group>";
		};
		D0A6FE8D27EDC4E900B06218 /* ViewModel */ = {
			isa = PBXGroup;
			children = (
				D0DA100628452C1B000FDE98 /* HistoryViewModel.swift */,
				D0A6FE8E27EDC66500B06218 /* TodayViewModel.swift */,
				19ACCBAB2A5EABC700C08E93 /* ProgressViewModel.swift */,
			);
			path = ViewModel;
			sourceTree = "<group>";
		};
/* End PBXGroup section */

/* Begin PBXNativeTarget section */
		D01FD68C2774BA6A001DB74C /* FocusOn */ = {
			isa = PBXNativeTarget;
			buildConfigurationList = D01FD6B62774BA6D001DB74C /* Build configuration list for PBXNativeTarget "FocusOn" */;
			buildPhases = (
				D01FD6892774BA6A001DB74C /* Sources */,
				D01FD68A2774BA6A001DB74C /* Frameworks */,
				D01FD68B2774BA6A001DB74C /* Resources */,
			);
			buildRules = (
			);
			dependencies = (
			);
			name = FocusOn;
			packageProductDependencies = (
				19ACCBA92A5AF82E00C08E93 /* SwiftUICharts */,
			);
			productName = FocusOn;
			productReference = D01FD68D2774BA6A001DB74C /* FocusOn.app */;
			productType = "com.apple.product-type.application";
		};
		D01FD6A12774BA6D001DB74C /* FocusOnTests */ = {
			isa = PBXNativeTarget;
			buildConfigurationList = D01FD6B92774BA6D001DB74C /* Build configuration list for PBXNativeTarget "FocusOnTests" */;
			buildPhases = (
				D01FD69E2774BA6D001DB74C /* Sources */,
				D01FD69F2774BA6D001DB74C /* Frameworks */,
				D01FD6A02774BA6D001DB74C /* Resources */,
			);
			buildRules = (
			);
			dependencies = (
				D01FD6A42774BA6D001DB74C /* PBXTargetDependency */,
			);
			name = FocusOnTests;
			productName = FocusOnTests;
			productReference = D01FD6A22774BA6D001DB74C /* FocusOnTests.xctest */;
			productType = "com.apple.product-type.bundle.unit-test";
		};
		D01FD6AB2774BA6D001DB74C /* FocusOnUITests */ = {
			isa = PBXNativeTarget;
			buildConfigurationList = D01FD6BC2774BA6D001DB74C /* Build configuration list for PBXNativeTarget "FocusOnUITests" */;
			buildPhases = (
				D01FD6A82774BA6D001DB74C /* Sources */,
				D01FD6A92774BA6D001DB74C /* Frameworks */,
				D01FD6AA2774BA6D001DB74C /* Resources */,
			);
			buildRules = (
			);
			dependencies = (
				D01FD6AE2774BA6D001DB74C /* PBXTargetDependency */,
			);
			name = FocusOnUITests;
			productName = FocusOnUITests;
			productReference = D01FD6AC2774BA6D001DB74C /* FocusOnUITests.xctest */;
			productType = "com.apple.product-type.bundle.ui-testing";
		};
/* End PBXNativeTarget section */

/* Begin PBXProject section */
		D01FD6852774BA6A001DB74C /* Project object */ = {
			isa = PBXProject;
			attributes = {
				BuildIndependentTargetsInParallel = 1;
				LastSwiftUpdateCheck = 1300;
				LastUpgradeCheck = 1510;
				TargetAttributes = {
					D01FD68C2774BA6A001DB74C = {
						CreatedOnToolsVersion = 13.0;
					};
					D01FD6A12774BA6D001DB74C = {
						CreatedOnToolsVersion = 13.0;
						TestTargetID = D01FD68C2774BA6A001DB74C;
					};
					D01FD6AB2774BA6D001DB74C = {
						CreatedOnToolsVersion = 13.0;
						TestTargetID = D01FD68C2774BA6A001DB74C;
					};
				};
			};
			buildConfigurationList = D01FD6882774BA6A001DB74C /* Build configuration list for PBXProject "FocusOn" */;
			compatibilityVersion = "Xcode 13.0";
			developmentRegion = en;
			hasScannedForEncodings = 0;
			knownRegions = (
				en,
				Base,
			);
			mainGroup = D01FD6842774BA6A001DB74C;
			packageReferences = (
				19ACCBA82A5AF82E00C08E93 /* XCRemoteSwiftPackageReference "SwiftUICharts" */,
			);
			productRefGroup = D01FD68E2774BA6A001DB74C /* Products */;
			projectDirPath = "";
			projectRoot = "";
			targets = (
				D01FD68C2774BA6A001DB74C /* FocusOn */,
				D01FD6A12774BA6D001DB74C /* FocusOnTests */,
				D01FD6AB2774BA6D001DB74C /* FocusOnUITests */,
			);
		};
/* End PBXProject section */

/* Begin PBXResourcesBuildPhase section */
		D01FD68B2774BA6A001DB74C /* Resources */ = {
			isa = PBXResourcesBuildPhase;
			buildActionMask = 2147483647;
			files = (
				D01FD6982774BA6C001DB74C /* Preview Assets.xcassets in Resources */,
				D01FD6952774BA6C001DB74C /* Assets.xcassets in Resources */,
			);
			runOnlyForDeploymentPostprocessing = 0;
		};
		D01FD6A02774BA6D001DB74C /* Resources */ = {
			isa = PBXResourcesBuildPhase;
			buildActionMask = 2147483647;
			files = (
			);
			runOnlyForDeploymentPostprocessing = 0;
		};
		D01FD6AA2774BA6D001DB74C /* Resources */ = {
			isa = PBXResourcesBuildPhase;
			buildActionMask = 2147483647;
			files = (
			);
			runOnlyForDeploymentPostprocessing = 0;
		};
/* End PBXResourcesBuildPhase section */

/* Begin PBXSourcesBuildPhase section */
		D01FD6892774BA6A001DB74C /* Sources */ = {
			isa = PBXSourcesBuildPhase;
			buildActionMask = 2147483647;
			files = (
				1908539B2AE2C739005C20EE /* NotificationManager.swift in Sources */,
				D09D9A0027B0564F004A283C /* HistoryView.swift in Sources */,
				D07B0C0B27FD931400245BA0 /* Task.swift in Sources */,
				1913E6C72B1A9E73008D9AC9 /* FocusOnDataModel.xcdatamodeld in Sources */,
				190853A12AE86D18005C20EE /* GoalCompletionView.swift in Sources */,
				19ACCBAC2A5EABC700C08E93 /* ProgressViewModel.swift in Sources */,
				D01FD6932774BA6A001DB74C /* MainView.swift in Sources */,
				198A64CE2B5B319F00393A1F /* UpdateGoalView.swift in Sources */,
				1908539F2AE6BE87005C20EE /* ConfettiView.swift in Sources */,
				198A64D02B5BE3AF00393A1F /* GoalUncheckView.swift in Sources */,
				198A64CC2B5B312F00393A1F /* AddGoalView.swift in Sources */,
				1908539D2AE6A558005C20EE /* TaskCompletionView.swift in Sources */,
				198A64D22B5BE4CA00393A1F /* SadFaceRainView.swift in Sources */,
				198A64C72B5B2EC900393A1F /* MonthlySummaryView.swift in Sources */,
				19B6F1A72B2B66F500A8842A /* GoalSectionView.swift in Sources */,
				D09D99FC27B0562D004A283C /* TodayView.swift in Sources */,
				D0DA100728452C1B000FDE98 /* HistoryViewModel.swift in Sources */,
				198A64C32B5B2B2A00393A1F /* LegendView.swift in Sources */,
				1939BD3E2B1B92880097340B /* TaskUncheckView.swift in Sources */,
				D0BD1B9928087BFE00058C21 /* MockDataService.swift in Sources */,
				D01FD6912774BA6A001DB74C /* FocusOnApp.swift in Sources */,
				D09D99FE27B05642004A283C /* ProgressView.swift in Sources */,
				19B6F1A92B2B6BBB00A8842A /* TasksSectionView.swift in Sources */,
				D06A4CF527FDC3D4003F7C72 /* DataService.swift in Sources */,
				D0BD1B972808705F00058C21 /* DataServiceProtocol.swift in Sources */,
				D07B0C0927FD930000245BA0 /* Goal.swift in Sources */,
				198A64C12B5B2A7800393A1F /* NoGoalsView.swift in Sources */,
				D0A6FE8F27EDC66500B06218 /* TodayViewModel.swift in Sources */,
			);
			runOnlyForDeploymentPostprocessing = 0;
		};
		D01FD69E2774BA6D001DB74C /* Sources */ = {
			isa = PBXSourcesBuildPhase;
			buildActionMask = 2147483647;
			files = (
				D040192327EDFFEB0005CF35 /* TodayViewModelTests.swift in Sources */,
				198A64D42B5C055A00393A1F /* HistoryViewModelTests.swift in Sources */,
				19B42F6F2A7EA14800FE7FD5 /* ProgressViewModelTests.swift in Sources */,
			);
			runOnlyForDeploymentPostprocessing = 0;
		};
		D01FD6A82774BA6D001DB74C /* Sources */ = {
			isa = PBXSourcesBuildPhase;
			buildActionMask = 2147483647;
			files = (
				D01FD6B32774BA6D001DB74C /* FocusOnUITestsLaunchTests.swift in Sources */,
				D01FD6B12774BA6D001DB74C /* FocusOnUITests.swift in Sources */,
			);
			runOnlyForDeploymentPostprocessing = 0;
		};
/* End PBXSourcesBuildPhase section */

/* Begin PBXTargetDependency section */
		D01FD6A42774BA6D001DB74C /* PBXTargetDependency */ = {
			isa = PBXTargetDependency;
			target = D01FD68C2774BA6A001DB74C /* FocusOn */;
			targetProxy = D01FD6A32774BA6D001DB74C /* PBXContainerItemProxy */;
		};
		D01FD6AE2774BA6D001DB74C /* PBXTargetDependency */ = {
			isa = PBXTargetDependency;
			target = D01FD68C2774BA6A001DB74C /* FocusOn */;
			targetProxy = D01FD6AD2774BA6D001DB74C /* PBXContainerItemProxy */;
		};
/* End PBXTargetDependency section */

/* Begin XCBuildConfiguration section */
		D01FD6B42774BA6D001DB74C /* Debug */ = {
			isa = XCBuildConfiguration;
			buildSettings = {
				ALWAYS_SEARCH_USER_PATHS = NO;
				CLANG_ANALYZER_NONNULL = YES;
				CLANG_ANALYZER_NUMBER_OBJECT_CONVERSION = YES_AGGRESSIVE;
				CLANG_CXX_LANGUAGE_STANDARD = "gnu++17";
				CLANG_CXX_LIBRARY = "libc++";
				CLANG_ENABLE_MODULES = YES;
				CLANG_ENABLE_OBJC_ARC = YES;
				CLANG_ENABLE_OBJC_WEAK = YES;
				CLANG_WARN_BLOCK_CAPTURE_AUTORELEASING = YES;
				CLANG_WARN_BOOL_CONVERSION = YES;
				CLANG_WARN_COMMA = YES;
				CLANG_WARN_CONSTANT_CONVERSION = YES;
				CLANG_WARN_DEPRECATED_OBJC_IMPLEMENTATIONS = YES;
				CLANG_WARN_DIRECT_OBJC_ISA_USAGE = YES_ERROR;
				CLANG_WARN_DOCUMENTATION_COMMENTS = YES;
				CLANG_WARN_EMPTY_BODY = YES;
				CLANG_WARN_ENUM_CONVERSION = YES;
				CLANG_WARN_INFINITE_RECURSION = YES;
				CLANG_WARN_INT_CONVERSION = YES;
				CLANG_WARN_NON_LITERAL_NULL_CONVERSION = YES;
				CLANG_WARN_OBJC_IMPLICIT_RETAIN_SELF = YES;
				CLANG_WARN_OBJC_LITERAL_CONVERSION = YES;
				CLANG_WARN_OBJC_ROOT_CLASS = YES_ERROR;
				CLANG_WARN_QUOTED_INCLUDE_IN_FRAMEWORK_HEADER = YES;
				CLANG_WARN_RANGE_LOOP_ANALYSIS = YES;
				CLANG_WARN_STRICT_PROTOTYPES = YES;
				CLANG_WARN_SUSPICIOUS_MOVE = YES;
				CLANG_WARN_UNGUARDED_AVAILABILITY = YES_AGGRESSIVE;
				CLANG_WARN_UNREACHABLE_CODE = YES;
				CLANG_WARN__DUPLICATE_METHOD_MATCH = YES;
				COPY_PHASE_STRIP = NO;
				DEBUG_INFORMATION_FORMAT = dwarf;
				ENABLE_STRICT_OBJC_MSGSEND = YES;
				ENABLE_TESTABILITY = YES;
				ENABLE_USER_SCRIPT_SANDBOXING = YES;
				GCC_C_LANGUAGE_STANDARD = gnu11;
				GCC_DYNAMIC_NO_PIC = NO;
				GCC_NO_COMMON_BLOCKS = YES;
				GCC_OPTIMIZATION_LEVEL = 0;
				GCC_PREPROCESSOR_DEFINITIONS = (
					"DEBUG=1",
					"$(inherited)",
				);
				GCC_WARN_64_TO_32_BIT_CONVERSION = YES;
				GCC_WARN_ABOUT_RETURN_TYPE = YES_ERROR;
				GCC_WARN_UNDECLARED_SELECTOR = YES;
				GCC_WARN_UNINITIALIZED_AUTOS = YES_AGGRESSIVE;
				GCC_WARN_UNUSED_FUNCTION = YES;
				GCC_WARN_UNUSED_VARIABLE = YES;
				IPHONEOS_DEPLOYMENT_TARGET = 15.0;
				MTL_ENABLE_DEBUG_INFO = INCLUDE_SOURCE;
				MTL_FAST_MATH = YES;
				ONLY_ACTIVE_ARCH = YES;
				SDKROOT = iphoneos;
				SWIFT_ACTIVE_COMPILATION_CONDITIONS = DEBUG;
				SWIFT_OPTIMIZATION_LEVEL = "-Onone";
			};
			name = Debug;
		};
		D01FD6B52774BA6D001DB74C /* Release */ = {
			isa = XCBuildConfiguration;
			buildSettings = {
				ALWAYS_SEARCH_USER_PATHS = NO;
				CLANG_ANALYZER_NONNULL = YES;
				CLANG_ANALYZER_NUMBER_OBJECT_CONVERSION = YES_AGGRESSIVE;
				CLANG_CXX_LANGUAGE_STANDARD = "gnu++17";
				CLANG_CXX_LIBRARY = "libc++";
				CLANG_ENABLE_MODULES = YES;
				CLANG_ENABLE_OBJC_ARC = YES;
				CLANG_ENABLE_OBJC_WEAK = YES;
				CLANG_WARN_BLOCK_CAPTURE_AUTORELEASING = YES;
				CLANG_WARN_BOOL_CONVERSION = YES;
				CLANG_WARN_COMMA = YES;
				CLANG_WARN_CONSTANT_CONVERSION = YES;
				CLANG_WARN_DEPRECATED_OBJC_IMPLEMENTATIONS = YES;
				CLANG_WARN_DIRECT_OBJC_ISA_USAGE = YES_ERROR;
				CLANG_WARN_DOCUMENTATION_COMMENTS = YES;
				CLANG_WARN_EMPTY_BODY = YES;
				CLANG_WARN_ENUM_CONVERSION = YES;
				CLANG_WARN_INFINITE_RECURSION = YES;
				CLANG_WARN_INT_CONVERSION = YES;
				CLANG_WARN_NON_LITERAL_NULL_CONVERSION = YES;
				CLANG_WARN_OBJC_IMPLICIT_RETAIN_SELF = YES;
				CLANG_WARN_OBJC_LITERAL_CONVERSION = YES;
				CLANG_WARN_OBJC_ROOT_CLASS = YES_ERROR;
				CLANG_WARN_QUOTED_INCLUDE_IN_FRAMEWORK_HEADER = YES;
				CLANG_WARN_RANGE_LOOP_ANALYSIS = YES;
				CLANG_WARN_STRICT_PROTOTYPES = YES;
				CLANG_WARN_SUSPICIOUS_MOVE = YES;
				CLANG_WARN_UNGUARDED_AVAILABILITY = YES_AGGRESSIVE;
				CLANG_WARN_UNREACHABLE_CODE = YES;
				CLANG_WARN__DUPLICATE_METHOD_MATCH = YES;
				COPY_PHASE_STRIP = NO;
				DEBUG_INFORMATION_FORMAT = "dwarf-with-dsym";
				ENABLE_NS_ASSERTIONS = NO;
				ENABLE_STRICT_OBJC_MSGSEND = YES;
				ENABLE_USER_SCRIPT_SANDBOXING = YES;
				GCC_C_LANGUAGE_STANDARD = gnu11;
				GCC_NO_COMMON_BLOCKS = YES;
				GCC_WARN_64_TO_32_BIT_CONVERSION = YES;
				GCC_WARN_ABOUT_RETURN_TYPE = YES_ERROR;
				GCC_WARN_UNDECLARED_SELECTOR = YES;
				GCC_WARN_UNINITIALIZED_AUTOS = YES_AGGRESSIVE;
				GCC_WARN_UNUSED_FUNCTION = YES;
				GCC_WARN_UNUSED_VARIABLE = YES;
				IPHONEOS_DEPLOYMENT_TARGET = 15.0;
				MTL_ENABLE_DEBUG_INFO = NO;
				MTL_FAST_MATH = YES;
				SDKROOT = iphoneos;
				SWIFT_COMPILATION_MODE = wholemodule;
				SWIFT_OPTIMIZATION_LEVEL = "-O";
				VALIDATE_PRODUCT = YES;
			};
			name = Release;
		};
		D01FD6B72774BA6D001DB74C /* Debug */ = {
			isa = XCBuildConfiguration;
			buildSettings = {
				ASSETCATALOG_COMPILER_APPICON_NAME = AppIcon;
				ASSETCATALOG_COMPILER_GLOBAL_ACCENT_COLOR_NAME = AccentColor;
				CODE_SIGN_STYLE = Automatic;
				CURRENT_PROJECT_VERSION = 1;
				DEVELOPMENT_ASSET_PATHS = "\"FocusOn/Preview Content\"";
				DEVELOPMENT_TEAM = 6WAA8E6R87;
				ENABLE_PREVIEWS = YES;
				GENERATE_INFOPLIST_FILE = YES;
				INFOPLIST_FILE = FocusOn/Info.plist;
				INFOPLIST_KEY_UIApplicationSceneManifest_Generation = YES;
				INFOPLIST_KEY_UIApplicationSupportsIndirectInputEvents = YES;
				INFOPLIST_KEY_UILaunchScreen_Generation = YES;
				INFOPLIST_KEY_UISupportedInterfaceOrientations = UIInterfaceOrientationPortrait;
				IPHONEOS_DEPLOYMENT_TARGET = 14.0;
				LD_RUNPATH_SEARCH_PATHS = (
					"$(inherited)",
					"@executable_path/Frameworks",
				);
				MARKETING_VERSION = 1.0;
				PRODUCT_BUNDLE_IDENTIFIER = com.alexivanova.FocusOn;
				PRODUCT_NAME = "$(TARGET_NAME)";
				SWIFT_EMIT_LOC_STRINGS = YES;
				SWIFT_VERSION = 5.0;
				TARGETED_DEVICE_FAMILY = "1,2";
				VERSIONING_SYSTEM = "apple-generic";
			};
			name = Debug;
		};
		D01FD6B82774BA6D001DB74C /* Release */ = {
			isa = XCBuildConfiguration;
			buildSettings = {
				ASSETCATALOG_COMPILER_APPICON_NAME = AppIcon;
				ASSETCATALOG_COMPILER_GLOBAL_ACCENT_COLOR_NAME = AccentColor;
				CODE_SIGN_STYLE = Automatic;
				CURRENT_PROJECT_VERSION = 1;
				DEVELOPMENT_ASSET_PATHS = "\"FocusOn/Preview Content\"";
				DEVELOPMENT_TEAM = 6WAA8E6R87;
				ENABLE_PREVIEWS = YES;
				GENERATE_INFOPLIST_FILE = YES;
				INFOPLIST_FILE = FocusOn/Info.plist;
				INFOPLIST_KEY_UIApplicationSceneManifest_Generation = YES;
				INFOPLIST_KEY_UIApplicationSupportsIndirectInputEvents = YES;
				INFOPLIST_KEY_UILaunchScreen_Generation = YES;
				INFOPLIST_KEY_UISupportedInterfaceOrientations = UIInterfaceOrientationPortrait;
				IPHONEOS_DEPLOYMENT_TARGET = 14.0;
				LD_RUNPATH_SEARCH_PATHS = (
					"$(inherited)",
					"@executable_path/Frameworks",
				);
				MARKETING_VERSION = 1.0;
				PRODUCT_BUNDLE_IDENTIFIER = com.alexivanova.FocusOn;
				PRODUCT_NAME = "$(TARGET_NAME)";
				SWIFT_EMIT_LOC_STRINGS = YES;
				SWIFT_VERSION = 5.0;
				TARGETED_DEVICE_FAMILY = "1,2";
				VERSIONING_SYSTEM = "apple-generic";
			};
			name = Release;
		};
		D01FD6BA2774BA6D001DB74C /* Debug */ = {
			isa = XCBuildConfiguration;
			buildSettings = {
				ALWAYS_EMBED_SWIFT_STANDARD_LIBRARIES = YES;
				BUNDLE_LOADER = "$(TEST_HOST)";
				CODE_SIGN_STYLE = Automatic;
				CURRENT_PROJECT_VERSION = 1;
				DEVELOPMENT_TEAM = 6WAA8E6R87;
				GENERATE_INFOPLIST_FILE = YES;
				IPHONEOS_DEPLOYMENT_TARGET = 14.0;
				LD_RUNPATH_SEARCH_PATHS = (
					"$(inherited)",
					"@executable_path/Frameworks",
					"@loader_path/Frameworks",
				);
				MARKETING_VERSION = 1.0;
				PRODUCT_BUNDLE_IDENTIFIER = com.alexivanova.FocusOnTests;
				PRODUCT_NAME = "$(TARGET_NAME)";
				SWIFT_EMIT_LOC_STRINGS = NO;
				SWIFT_VERSION = 5.0;
				TARGETED_DEVICE_FAMILY = "1,2";
				TEST_HOST = "$(BUILT_PRODUCTS_DIR)/FocusOn.app/FocusOn";
			};
			name = Debug;
		};
		D01FD6BB2774BA6D001DB74C /* Release */ = {
			isa = XCBuildConfiguration;
			buildSettings = {
				ALWAYS_EMBED_SWIFT_STANDARD_LIBRARIES = YES;
				BUNDLE_LOADER = "$(TEST_HOST)";
				CODE_SIGN_STYLE = Automatic;
				CURRENT_PROJECT_VERSION = 1;
				DEVELOPMENT_TEAM = 6WAA8E6R87;
				GENERATE_INFOPLIST_FILE = YES;
				IPHONEOS_DEPLOYMENT_TARGET = 14.0;
				LD_RUNPATH_SEARCH_PATHS = (
					"$(inherited)",
					"@executable_path/Frameworks",
					"@loader_path/Frameworks",
				);
				MARKETING_VERSION = 1.0;
				PRODUCT_BUNDLE_IDENTIFIER = com.alexivanova.FocusOnTests;
				PRODUCT_NAME = "$(TARGET_NAME)";
				SWIFT_EMIT_LOC_STRINGS = NO;
				SWIFT_VERSION = 5.0;
				TARGETED_DEVICE_FAMILY = "1,2";
				TEST_HOST = "$(BUILT_PRODUCTS_DIR)/FocusOn.app/FocusOn";
			};
			name = Release;
		};
		D01FD6BD2774BA6D001DB74C /* Debug */ = {
			isa = XCBuildConfiguration;
			buildSettings = {
				ALWAYS_EMBED_SWIFT_STANDARD_LIBRARIES = YES;
				CODE_SIGN_STYLE = Automatic;
				CURRENT_PROJECT_VERSION = 1;
				DEVELOPMENT_TEAM = 6WAA8E6R87;
				GENERATE_INFOPLIST_FILE = YES;
				LD_RUNPATH_SEARCH_PATHS = (
					"$(inherited)",
					"@executable_path/Frameworks",
					"@loader_path/Frameworks",
				);
				MARKETING_VERSION = 1.0;
				PRODUCT_BUNDLE_IDENTIFIER = com.alexivanova.FocusOnUITests;
				PRODUCT_NAME = "$(TARGET_NAME)";
				SWIFT_EMIT_LOC_STRINGS = NO;
				SWIFT_VERSION = 5.0;
				TARGETED_DEVICE_FAMILY = "1,2";
				TEST_TARGET_NAME = FocusOn;
			};
			name = Debug;
		};
		D01FD6BE2774BA6D001DB74C /* Release */ = {
			isa = XCBuildConfiguration;
			buildSettings = {
				ALWAYS_EMBED_SWIFT_STANDARD_LIBRARIES = YES;
				CODE_SIGN_STYLE = Automatic;
				CURRENT_PROJECT_VERSION = 1;
				DEVELOPMENT_TEAM = 6WAA8E6R87;
				GENERATE_INFOPLIST_FILE = YES;
				LD_RUNPATH_SEARCH_PATHS = (
					"$(inherited)",
					"@executable_path/Frameworks",
					"@loader_path/Frameworks",
				);
				MARKETING_VERSION = 1.0;
				PRODUCT_BUNDLE_IDENTIFIER = com.alexivanova.FocusOnUITests;
				PRODUCT_NAME = "$(TARGET_NAME)";
				SWIFT_EMIT_LOC_STRINGS = NO;
				SWIFT_VERSION = 5.0;
				TARGETED_DEVICE_FAMILY = "1,2";
				TEST_TARGET_NAME = FocusOn;
			};
			name = Release;
		};
/* End XCBuildConfiguration section */

/* Begin XCConfigurationList section */
		D01FD6882774BA6A001DB74C /* Build configuration list for PBXProject "FocusOn" */ = {
			isa = XCConfigurationList;
			buildConfigurations = (
				D01FD6B42774BA6D001DB74C /* Debug */,
				D01FD6B52774BA6D001DB74C /* Release */,
			);
			defaultConfigurationIsVisible = 0;
			defaultConfigurationName = Release;
		};
		D01FD6B62774BA6D001DB74C /* Build configuration list for PBXNativeTarget "FocusOn" */ = {
			isa = XCConfigurationList;
			buildConfigurations = (
				D01FD6B72774BA6D001DB74C /* Debug */,
				D01FD6B82774BA6D001DB74C /* Release */,
			);
			defaultConfigurationIsVisible = 0;
			defaultConfigurationName = Release;
		};
		D01FD6B92774BA6D001DB74C /* Build configuration list for PBXNativeTarget "FocusOnTests" */ = {
			isa = XCConfigurationList;
			buildConfigurations = (
				D01FD6BA2774BA6D001DB74C /* Debug */,
				D01FD6BB2774BA6D001DB74C /* Release */,
			);
			defaultConfigurationIsVisible = 0;
			defaultConfigurationName = Release;
		};
		D01FD6BC2774BA6D001DB74C /* Build configuration list for PBXNativeTarget "FocusOnUITests" */ = {
			isa = XCConfigurationList;
			buildConfigurations = (
				D01FD6BD2774BA6D001DB74C /* Debug */,
				D01FD6BE2774BA6D001DB74C /* Release */,
			);
			defaultConfigurationIsVisible = 0;
			defaultConfigurationName = Release;
		};
/* End XCConfigurationList section */

/* Begin XCRemoteSwiftPackageReference section */
		19ACCBA82A5AF82E00C08E93 /* XCRemoteSwiftPackageReference "SwiftUICharts" */ = {
			isa = XCRemoteSwiftPackageReference;
			repositoryURL = "https://github.com/mecid/SwiftUICharts.git";
			requirement = {
				kind = upToNextMajorVersion;
				minimumVersion = 0.8.3;
			};
		};
/* End XCRemoteSwiftPackageReference section */

/* Begin XCSwiftPackageProductDependency section */
		19ACCBA92A5AF82E00C08E93 /* SwiftUICharts */ = {
			isa = XCSwiftPackageProductDependency;
			package = 19ACCBA82A5AF82E00C08E93 /* XCRemoteSwiftPackageReference "SwiftUICharts" */;
			productName = SwiftUICharts;
		};
/* End XCSwiftPackageProductDependency section */

/* Begin XCVersionGroup section */
		1913E6C52B1A9E73008D9AC9 /* FocusOnDataModel.xcdatamodeld */ = {
			isa = XCVersionGroup;
			children = (
				1913E6C62B1A9E73008D9AC9 /* FocusOnDataModel.xcdatamodel */,
			);
			currentVersion = 1913E6C62B1A9E73008D9AC9 /* FocusOnDataModel.xcdatamodel */;
			path = FocusOnDataModel.xcdatamodeld;
			sourceTree = "<group>";
			versionGroupType = wrapper.xcdatamodel;
		};
/* End XCVersionGroup section */
	};
	rootObject = D01FD6852774BA6A001DB74C /* Project object */;
}
